// !$*UTF8*$!
{
	archiveVersion = 1;
	classes = {
	};
	objectVersion = 46;
	objects = {

/* Begin PBXBuildFile section */
		381FD74118EE850A001A4806 /* pause.png in Resources */ = {isa = PBXBuildFile; fileRef = 381FD74018EE850A001A4806 /* pause.png */; };
		381FD74218EE88D5001A4806 /* blip.caf in Resources */ = {isa = PBXBuildFile; fileRef = 381FD73B18EE7AF2001A4806 /* blip.caf */; };
		381FD74318EE88D5001A4806 /* brickhit.caf in Resources */ = {isa = PBXBuildFile; fileRef = 381FD73C18EE7AF2001A4806 /* brickhit.caf */; };
		381FD74418EE88D5001A4806 /* gameover.caf in Resources */ = {isa = PBXBuildFile; fileRef = 381FD73D18EE7AF2001A4806 /* gameover.caf */; };
		381FD74618EE8D29001A4806 /* button_pause.png in Resources */ = {isa = PBXBuildFile; fileRef = 381FD74518EE8D29001A4806 /* button_pause.png */; };
		389BC8F918ED79F0003683A4 /* computerPaddle.png in Resources */ = {isa = PBXBuildFile; fileRef = 389BC8F718ED79F0003683A4 /* computerPaddle.png */; };
		389BC8FA18ED79F0003683A4 /* playerPaddle.png in Resources */ = {isa = PBXBuildFile; fileRef = 389BC8F818ED79F0003683A4 /* playerPaddle.png */; };
		389BC8FC18ED9022003683A4 /* greenBall.png in Resources */ = {isa = PBXBuildFile; fileRef = 389BC8FB18ED9022003683A4 /* greenBall.png */; };
		389BC8FF18EDEE9C003683A4 /* EndScene.m in Sources */ = {isa = PBXBuildFile; fileRef = 389BC8FE18EDEE9C003683A4 /* EndScene.m */; };
		389BC90118EDF237003683A4 /* Victor.m in Sources */ = {isa = PBXBuildFile; fileRef = 389BC90018EDF237003683A4 /* Victor.m */; };
		38FF6A0E18ED5AB800109256 /* Foundation.framework in Frameworks */ = {isa = PBXBuildFile; fileRef = 38FF6A0D18ED5AB800109256 /* Foundation.framework */; };
		38FF6A1018ED5AB800109256 /* CoreGraphics.framework in Frameworks */ = {isa = PBXBuildFile; fileRef = 38FF6A0F18ED5AB800109256 /* CoreGraphics.framework */; };
		38FF6A1218ED5AB800109256 /* UIKit.framework in Frameworks */ = {isa = PBXBuildFile; fileRef = 38FF6A1118ED5AB800109256 /* UIKit.framework */; };
		38FF6A1418ED5AB800109256 /* SpriteKit.framework in Frameworks */ = {isa = PBXBuildFile; fileRef = 38FF6A1318ED5AB800109256 /* SpriteKit.framework */; };
		38FF6A1A18ED5AB800109256 /* InfoPlist.strings in Resources */ = {isa = PBXBuildFile; fileRef = 38FF6A1818ED5AB800109256 /* InfoPlist.strings */; };
		38FF6A1C18ED5AB800109256 /* main.m in Sources */ = {isa = PBXBuildFile; fileRef = 38FF6A1B18ED5AB800109256 /* main.m */; };
		38FF6A2018ED5AB800109256 /* DKAppDelegate.m in Sources */ = {isa = PBXBuildFile; fileRef = 38FF6A1F18ED5AB800109256 /* DKAppDelegate.m */; };
		38FF6A2318ED5AB800109256 /* Main.storyboard in Resources */ = {isa = PBXBuildFile; fileRef = 38FF6A2118ED5AB800109256 /* Main.storyboard */; };
		38FF6A2618ED5AB800109256 /* DKViewController.m in Sources */ = {isa = PBXBuildFile; fileRef = 38FF6A2518ED5AB800109256 /* DKViewController.m */; };
		38FF6A2918ED5AB800109256 /* DKMyScene.m in Sources */ = {isa = PBXBuildFile; fileRef = 38FF6A2818ED5AB800109256 /* DKMyScene.m */; };
		38FF6A2D18ED5AB800109256 /* Images.xcassets in Resources */ = {isa = PBXBuildFile; fileRef = 38FF6A2C18ED5AB800109256 /* Images.xcassets */; };
		38FF6A3418ED5AB800109256 /* XCTest.framework in Frameworks */ = {isa = PBXBuildFile; fileRef = 38FF6A3318ED5AB800109256 /* XCTest.framework */; };
		38FF6A3518ED5AB800109256 /* Foundation.framework in Frameworks */ = {isa = PBXBuildFile; fileRef = 38FF6A0D18ED5AB800109256 /* Foundation.framework */; };
		38FF6A3618ED5AB800109256 /* UIKit.framework in Frameworks */ = {isa = PBXBuildFile; fileRef = 38FF6A1118ED5AB800109256 /* UIKit.framework */; };
		38FF6A3E18ED5AB800109256 /* InfoPlist.strings in Resources */ = {isa = PBXBuildFile; fileRef = 38FF6A3C18ED5AB800109256 /* InfoPlist.strings */; };
		38FF6A4018ED5AB800109256 /* Don_t_KnowTests.m in Sources */ = {isa = PBXBuildFile; fileRef = 38FF6A3F18ED5AB800109256 /* Don_t_KnowTests.m */; };
		38FF6A4A18ED62A400109256 /* iAd.framework in Frameworks */ = {isa = PBXBuildFile; fileRef = 38FF6A4918ED62A400109256 /* iAd.framework */; };
/* End PBXBuildFile section */

/* Begin PBXContainerItemProxy section */
		38FF6A3718ED5AB800109256 /* PBXContainerItemProxy */ = {
			isa = PBXContainerItemProxy;
			containerPortal = 38FF6A0218ED5AB700109256 /* Project object */;
			proxyType = 1;
			remoteGlobalIDString = 38FF6A0918ED5AB800109256;
			remoteInfo = "Don't Know";
		};
/* End PBXContainerItemProxy section */

/* Begin PBXFileReference section */
		381FD73B18EE7AF2001A4806 /* blip.caf */ = {isa = PBXFileReference; lastKnownFileType = file; path = blip.caf; sourceTree = "<group>"; };
		381FD73C18EE7AF2001A4806 /* brickhit.caf */ = {isa = PBXFileReference; lastKnownFileType = file; path = brickhit.caf; sourceTree = "<group>"; };
		381FD73D18EE7AF2001A4806 /* gameover.caf */ = {isa = PBXFileReference; lastKnownFileType = file; path = gameover.caf; sourceTree = "<group>"; };
		381FD74018EE850A001A4806 /* pause.png */ = {isa = PBXFileReference; lastKnownFileType = image.png; path = pause.png; sourceTree = "<group>"; };
		381FD74518EE8D29001A4806 /* button_pause.png */ = {isa = PBXFileReference; lastKnownFileType = image.png; path = button_pause.png; sourceTree = "<group>"; };
		389BC8F718ED79F0003683A4 /* computerPaddle.png */ = {isa = PBXFileReference; lastKnownFileType = image.png; path = computerPaddle.png; sourceTree = "<group>"; };
		389BC8F818ED79F0003683A4 /* playerPaddle.png */ = {isa = PBXFileReference; lastKnownFileType = image.png; path = playerPaddle.png; sourceTree = "<group>"; };
		389BC8FB18ED9022003683A4 /* greenBall.png */ = {isa = PBXFileReference; lastKnownFileType = image.png; path = greenBall.png; sourceTree = "<group>"; };
		389BC8FD18EDEE9C003683A4 /* EndScene.h */ = {isa = PBXFileReference; fileEncoding = 4; lastKnownFileType = sourcecode.c.h; path = EndScene.h; sourceTree = "<group>"; };
		389BC8FE18EDEE9C003683A4 /* EndScene.m */ = {isa = PBXFileReference; fileEncoding = 4; lastKnownFileType = sourcecode.c.objc; path = EndScene.m; sourceTree = "<group>"; };
		389BC90018EDF237003683A4 /* Victor.m */ = {isa = PBXFileReference; fileEncoding = 4; lastKnownFileType = sourcecode.c.objc; path = Victor.m; sourceTree = "<group>"; };
		389BC90218EDF25D003683A4 /* Victor.h */ = {isa = PBXFileReference; fileEncoding = 4; lastKnownFileType = sourcecode.c.h; path = Victor.h; sourceTree = "<group>"; };
		38FF6A0A18ED5AB800109256 /* Don't Know.app */ = {isa = PBXFileReference; explicitFileType = wrapper.application; includeInIndex = 0; path = "Don't Know.app"; sourceTree = BUILT_PRODUCTS_DIR; };
		38FF6A0D18ED5AB800109256 /* Foundation.framework */ = {isa = PBXFileReference; lastKnownFileType = wrapper.framework; name = Foundation.framework; path = System/Library/Frameworks/Foundation.framework; sourceTree = SDKROOT; };
		38FF6A0F18ED5AB800109256 /* CoreGraphics.framework */ = {isa = PBXFileReference; lastKnownFileType = wrapper.framework; name = CoreGraphics.framework; path = System/Library/Frameworks/CoreGraphics.framework; sourceTree = SDKROOT; };
		38FF6A1118ED5AB800109256 /* UIKit.framework */ = {isa = PBXFileReference; lastKnownFileType = wrapper.framework; name = UIKit.framework; path = System/Library/Frameworks/UIKit.framework; sourceTree = SDKROOT; };
		38FF6A1318ED5AB800109256 /* SpriteKit.framework */ = {isa = PBXFileReference; lastKnownFileType = wrapper.framework; name = SpriteKit.framework; path = System/Library/Frameworks/SpriteKit.framework; sourceTree = SDKROOT; };
		38FF6A1718ED5AB800109256 /* Don't Know-Info.plist */ = {isa = PBXFileReference; lastKnownFileType = text.plist.xml; path = "Don't Know-Info.plist"; sourceTree = "<group>"; };
		38FF6A1918ED5AB800109256 /* en */ = {isa = PBXFileReference; lastKnownFileType = text.plist.strings; name = en; path = en.lproj/InfoPlist.strings; sourceTree = "<group>"; };
		38FF6A1B18ED5AB800109256 /* main.m */ = {isa = PBXFileReference; lastKnownFileType = sourcecode.c.objc; path = main.m; sourceTree = "<group>"; };
		38FF6A1D18ED5AB800109256 /* Don't Know-Prefix.pch */ = {isa = PBXFileReference; lastKnownFileType = sourcecode.c.h; path = "Don't Know-Prefix.pch"; sourceTree = "<group>"; };
		38FF6A1E18ED5AB800109256 /* DKAppDelegate.h */ = {isa = PBXFileReference; lastKnownFileType = sourcecode.c.h; path = DKAppDelegate.h; sourceTree = "<group>"; };
		38FF6A1F18ED5AB800109256 /* DKAppDelegate.m */ = {isa = PBXFileReference; lastKnownFileType = sourcecode.c.objc; path = DKAppDelegate.m; sourceTree = "<group>"; };
		38FF6A2218ED5AB800109256 /* Base */ = {isa = PBXFileReference; lastKnownFileType = file.storyboard; name = Base; path = Base.lproj/Main.storyboard; sourceTree = "<group>"; };
		38FF6A2418ED5AB800109256 /* DKViewController.h */ = {isa = PBXFileReference; lastKnownFileType = sourcecode.c.h; path = DKViewController.h; sourceTree = "<group>"; };
		38FF6A2518ED5AB800109256 /* DKViewController.m */ = {isa = PBXFileReference; lastKnownFileType = sourcecode.c.objc; path = DKViewController.m; sourceTree = "<group>"; };
		38FF6A2718ED5AB800109256 /* DKMyScene.h */ = {isa = PBXFileReference; lastKnownFileType = sourcecode.c.h; path = DKMyScene.h; sourceTree = "<group>"; };
		38FF6A2818ED5AB800109256 /* DKMyScene.m */ = {isa = PBXFileReference; lastKnownFileType = sourcecode.c.objc; path = DKMyScene.m; sourceTree = "<group>"; };
		38FF6A2C18ED5AB800109256 /* Images.xcassets */ = {isa = PBXFileReference; lastKnownFileType = folder.assetcatalog; path = Images.xcassets; sourceTree = "<group>"; };
		38FF6A3218ED5AB800109256 /* Don't KnowTests.xctest */ = {isa = PBXFileReference; explicitFileType = wrapper.cfbundle; includeInIndex = 0; path = "Don't KnowTests.xctest"; sourceTree = BUILT_PRODUCTS_DIR; };
		38FF6A3318ED5AB800109256 /* XCTest.framework */ = {isa = PBXFileReference; lastKnownFileType = wrapper.framework; name = XCTest.framework; path = Library/Frameworks/XCTest.framework; sourceTree = DEVELOPER_DIR; };
		38FF6A3B18ED5AB800109256 /* Don't KnowTests-Info.plist */ = {isa = PBXFileReference; lastKnownFileType = text.plist.xml; path = "Don't KnowTests-Info.plist"; sourceTree = "<group>"; };
		38FF6A3D18ED5AB800109256 /* en */ = {isa = PBXFileReference; lastKnownFileType = text.plist.strings; name = en; path = en.lproj/InfoPlist.strings; sourceTree = "<group>"; };
		38FF6A3F18ED5AB800109256 /* Don_t_KnowTests.m */ = {isa = PBXFileReference; lastKnownFileType = sourcecode.c.objc; path = Don_t_KnowTests.m; sourceTree = "<group>"; };
		38FF6A4918ED62A400109256 /* iAd.framework */ = {isa = PBXFileReference; lastKnownFileType = wrapper.framework; name = iAd.framework; path = System/Library/Frameworks/iAd.framework; sourceTree = SDKROOT; };
/* End PBXFileReference section */

/* Begin PBXFrameworksBuildPhase section */
		38FF6A0718ED5AB800109256 /* Frameworks */ = {
			isa = PBXFrameworksBuildPhase;
			buildActionMask = 2147483647;
			files = (
				38FF6A4A18ED62A400109256 /* iAd.framework in Frameworks */,
				38FF6A1018ED5AB800109256 /* CoreGraphics.framework in Frameworks */,
				38FF6A1218ED5AB800109256 /* UIKit.framework in Frameworks */,
				38FF6A1418ED5AB800109256 /* SpriteKit.framework in Frameworks */,
				38FF6A0E18ED5AB800109256 /* Foundation.framework in Frameworks */,
			);
			runOnlyForDeploymentPostprocessing = 0;
		};
		38FF6A2F18ED5AB800109256 /* Frameworks */ = {
			isa = PBXFrameworksBuildPhase;
			buildActionMask = 2147483647;
			files = (
				38FF6A3418ED5AB800109256 /* XCTest.framework in Frameworks */,
				38FF6A3618ED5AB800109256 /* UIKit.framework in Frameworks */,
				38FF6A3518ED5AB800109256 /* Foundation.framework in Frameworks */,
			);
			runOnlyForDeploymentPostprocessing = 0;
		};
/* End PBXFrameworksBuildPhase section */

/* Begin PBXGroup section */
		38FF6A0118ED5AB700109256 = {
			isa = PBXGroup;
			children = (
				38FF6A1518ED5AB800109256 /* Don't Know */,
				38FF6A3918ED5AB800109256 /* Don't KnowTests */,
				38FF6A0C18ED5AB800109256 /* Frameworks */,
				38FF6A0B18ED5AB800109256 /* Products */,
			);
			sourceTree = "<group>";
		};
		38FF6A0B18ED5AB800109256 /* Products */ = {
			isa = PBXGroup;
			children = (
				38FF6A0A18ED5AB800109256 /* Don't Know.app */,
				38FF6A3218ED5AB800109256 /* Don't KnowTests.xctest */,
			);
			name = Products;
			sourceTree = "<group>";
		};
		38FF6A0C18ED5AB800109256 /* Frameworks */ = {
			isa = PBXGroup;
			children = (
				38FF6A4918ED62A400109256 /* iAd.framework */,
				38FF6A0D18ED5AB800109256 /* Foundation.framework */,
				38FF6A0F18ED5AB800109256 /* CoreGraphics.framework */,
				38FF6A1118ED5AB800109256 /* UIKit.framework */,
				38FF6A1318ED5AB800109256 /* SpriteKit.framework */,
				38FF6A3318ED5AB800109256 /* XCTest.framework */,
			);
			name = Frameworks;
			sourceTree = "<group>";
		};
		38FF6A1518ED5AB800109256 /* Don't Know */ = {
			isa = PBXGroup;
			children = (
				389BC8FD18EDEE9C003683A4 /* EndScene.h */,
				389BC90218EDF25D003683A4 /* Victor.h */,
				389BC8FE18EDEE9C003683A4 /* EndScene.m */,
				389BC90018EDF237003683A4 /* Victor.m */,
				38FF6A1E18ED5AB800109256 /* DKAppDelegate.h */,
				38FF6A1F18ED5AB800109256 /* DKAppDelegate.m */,
				38FF6A2118ED5AB800109256 /* Main.storyboard */,
				38FF6A2418ED5AB800109256 /* DKViewController.h */,
				38FF6A2518ED5AB800109256 /* DKViewController.m */,
				38FF6A2718ED5AB800109256 /* DKMyScene.h */,
				38FF6A2818ED5AB800109256 /* DKMyScene.m */,
				38FF6A2C18ED5AB800109256 /* Images.xcassets */,
				38FF6A1618ED5AB800109256 /* Supporting Files */,
			);
			path = "Don't Know";
			sourceTree = "<group>";
		};
		38FF6A1618ED5AB800109256 /* Supporting Files */ = {
			isa = PBXGroup;
			children = (
				381FD74518EE8D29001A4806 /* button_pause.png */,
				381FD74018EE850A001A4806 /* pause.png */,
				381FD73B18EE7AF2001A4806 /* blip.caf */,
				381FD73C18EE7AF2001A4806 /* brickhit.caf */,
				381FD73D18EE7AF2001A4806 /* gameover.caf */,
				389BC8FB18ED9022003683A4 /* greenBall.png */,
				389BC8F718ED79F0003683A4 /* computerPaddle.png */,
				389BC8F818ED79F0003683A4 /* playerPaddle.png */,
				38FF6A1718ED5AB800109256 /* Don't Know-Info.plist */,
				38FF6A1818ED5AB800109256 /* InfoPlist.strings */,
				38FF6A1B18ED5AB800109256 /* main.m */,
				38FF6A1D18ED5AB800109256 /* Don't Know-Prefix.pch */,
			);
			name = "Supporting Files";
			sourceTree = "<group>";
		};
		38FF6A3918ED5AB800109256 /* Don't KnowTests */ = {
			isa = PBXGroup;
			children = (
				38FF6A3F18ED5AB800109256 /* Don_t_KnowTests.m */,
				38FF6A3A18ED5AB800109256 /* Supporting Files */,
			);
			path = "Don't KnowTests";
			sourceTree = "<group>";
		};
		38FF6A3A18ED5AB800109256 /* Supporting Files */ = {
			isa = PBXGroup;
			children = (
				38FF6A3B18ED5AB800109256 /* Don't KnowTests-Info.plist */,
				38FF6A3C18ED5AB800109256 /* InfoPlist.strings */,
			);
			name = "Supporting Files";
			sourceTree = "<group>";
		};
/* End PBXGroup section */

/* Begin PBXNativeTarget section */
		38FF6A0918ED5AB800109256 /* Don't Know */ = {
			isa = PBXNativeTarget;
			buildConfigurationList = 38FF6A4318ED5AB800109256 /* Build configuration list for PBXNativeTarget "Don't Know" */;
			buildPhases = (
				38FF6A0618ED5AB800109256 /* Sources */,
				38FF6A0718ED5AB800109256 /* Frameworks */,
				38FF6A0818ED5AB800109256 /* Resources */,
			);
			buildRules = (
			);
			dependencies = (
			);
			name = "Don't Know";
			productName = "Don't Know";
			productReference = 38FF6A0A18ED5AB800109256 /* Don't Know.app */;
			productType = "com.apple.product-type.application";
		};
		38FF6A3118ED5AB800109256 /* Don't KnowTests */ = {
			isa = PBXNativeTarget;
			buildConfigurationList = 38FF6A4618ED5AB800109256 /* Build configuration list for PBXNativeTarget "Don't KnowTests" */;
			buildPhases = (
				38FF6A2E18ED5AB800109256 /* Sources */,
				38FF6A2F18ED5AB800109256 /* Frameworks */,
				38FF6A3018ED5AB800109256 /* Resources */,
			);
			buildRules = (
			);
			dependencies = (
				38FF6A3818ED5AB800109256 /* PBXTargetDependency */,
			);
			name = "Don't KnowTests";
			productName = "Don't KnowTests";
			productReference = 38FF6A3218ED5AB800109256 /* Don't KnowTests.xctest */;
			productType = "com.apple.product-type.bundle.unit-test";
		};
/* End PBXNativeTarget section */

/* Begin PBXProject section */
		38FF6A0218ED5AB700109256 /* Project object */ = {
			isa = PBXProject;
			attributes = {
				CLASSPREFIX = DK;
				LastUpgradeCheck = 0510;
				ORGANIZATIONNAME = RuleOnSix;
				TargetAttributes = {
					38FF6A3118ED5AB800109256 = {
						TestTargetID = 38FF6A0918ED5AB800109256;
					};
				};
			};
			buildConfigurationList = 38FF6A0518ED5AB800109256 /* Build configuration list for PBXProject "Don't Know" */;
			compatibilityVersion = "Xcode 3.2";
			developmentRegion = English;
			hasScannedForEncodings = 0;
			knownRegions = (
				en,
				Base,
			);
			mainGroup = 38FF6A0118ED5AB700109256;
			productRefGroup = 38FF6A0B18ED5AB800109256 /* Products */;
			projectDirPath = "";
			projectRoot = "";
			targets = (
				38FF6A0918ED5AB800109256 /* Don't Know */,
				38FF6A3118ED5AB800109256 /* Don't KnowTests */,
			);
		};
/* End PBXProject section */

/* Begin PBXResourcesBuildPhase section */
		38FF6A0818ED5AB800109256 /* Resources */ = {
			isa = PBXResourcesBuildPhase;
			buildActionMask = 2147483647;
			files = (
				381FD74218EE88D5001A4806 /* blip.caf in Resources */,
				381FD74318EE88D5001A4806 /* brickhit.caf in Resources */,
				381FD74418EE88D5001A4806 /* gameover.caf in Resources */,
				38FF6A1A18ED5AB800109256 /* InfoPlist.strings in Resources */,
				389BC8F918ED79F0003683A4 /* computerPaddle.png in Resources */,
				381FD74618EE8D29001A4806 /* button_pause.png in Resources */,
				389BC8FC18ED9022003683A4 /* greenBall.png in Resources */,
				381FD74118EE850A001A4806 /* pause.png in Resources */,
				38FF6A2D18ED5AB800109256 /* Images.xcassets in Resources */,
				389BC8FA18ED79F0003683A4 /* playerPaddle.png in Resources */,
				38FF6A2318ED5AB800109256 /* Main.storyboard in Resources */,
			);
			runOnlyForDeploymentPostprocessing = 0;
		};
		38FF6A3018ED5AB800109256 /* Resources */ = {
			isa = PBXResourcesBuildPhase;
			buildActionMask = 2147483647;
			files = (
				38FF6A3E18ED5AB800109256 /* InfoPlist.strings in Resources */,
			);
			runOnlyForDeploymentPostprocessing = 0;
		};
/* End PBXResourcesBuildPhase section */

/* Begin PBXSourcesBuildPhase section */
		38FF6A0618ED5AB800109256 /* Sources */ = {
			isa = PBXSourcesBuildPhase;
			buildActionMask = 2147483647;
			files = (
				38FF6A1C18ED5AB800109256 /* main.m in Sources */,
				38FF6A2918ED5AB800109256 /* DKMyScene.m in Sources */,
				389BC90118EDF237003683A4 /* Victor.m in Sources */,
				38FF6A2618ED5AB800109256 /* DKViewController.m in Sources */,
				38FF6A2018ED5AB800109256 /* DKAppDelegate.m in Sources */,
				389BC8FF18EDEE9C003683A4 /* EndScene.m in Sources */,
			);
			runOnlyForDeploymentPostprocessing = 0;
		};
		38FF6A2E18ED5AB800109256 /* Sources */ = {
			isa = PBXSourcesBuildPhase;
			buildActionMask = 2147483647;
			files = (
				38FF6A4018ED5AB800109256 /* Don_t_KnowTests.m in Sources */,
			);
			runOnlyForDeploymentPostprocessing = 0;
		};
/* End PBXSourcesBuildPhase section */

/* Begin PBXTargetDependency section */
		38FF6A3818ED5AB800109256 /* PBXTargetDependency */ = {
			isa = PBXTargetDependency;
			target = 38FF6A0918ED5AB800109256 /* Don't Know */;
			targetProxy = 38FF6A3718ED5AB800109256 /* PBXContainerItemProxy */;
		};
/* End PBXTargetDependency section */

/* Begin PBXVariantGroup section */
		38FF6A1818ED5AB800109256 /* InfoPlist.strings */ = {
			isa = PBXVariantGroup;
			children = (
				38FF6A1918ED5AB800109256 /* en */,
			);
			name = InfoPlist.strings;
			sourceTree = "<group>";
		};
		38FF6A2118ED5AB800109256 /* Main.storyboard */ = {
			isa = PBXVariantGroup;
			children = (
				38FF6A2218ED5AB800109256 /* Base */,
			);
			name = Main.storyboard;
			sourceTree = "<group>";
		};
		38FF6A3C18ED5AB800109256 /* InfoPlist.strings */ = {
			isa = PBXVariantGroup;
			children = (
				38FF6A3D18ED5AB800109256 /* en */,
			);
			name = InfoPlist.strings;
			sourceTree = "<group>";
		};
/* End PBXVariantGroup section */

/* Begin XCBuildConfiguration section */
		38FF6A4118ED5AB800109256 /* Debug */ = {
			isa = XCBuildConfiguration;
			buildSettings = {
				ALWAYS_SEARCH_USER_PATHS = NO;
				CLANG_CXX_LANGUAGE_STANDARD = "gnu++0x";
				CLANG_CXX_LIBRARY = "libc++";
				CLANG_ENABLE_MODULES = YES;
				CLANG_ENABLE_OBJC_ARC = YES;
				CLANG_WARN_BOOL_CONVERSION = YES;
				CLANG_WARN_CONSTANT_CONVERSION = YES;
				CLANG_WARN_DIRECT_OBJC_ISA_USAGE = YES_ERROR;
				CLANG_WARN_EMPTY_BODY = YES;
				CLANG_WARN_ENUM_CONVERSION = YES;
				CLANG_WARN_INT_CONVERSION = YES;
				CLANG_WARN_OBJC_ROOT_CLASS = YES_ERROR;
				CLANG_WARN__DUPLICATE_METHOD_MATCH = YES;
				"CODE_SIGN_IDENTITY[sdk=iphoneos*]" = "iPhone Developer";
				COPY_PHASE_STRIP = NO;
				GCC_C_LANGUAGE_STANDARD = gnu99;
				GCC_DYNAMIC_NO_PIC = NO;
				GCC_OPTIMIZATION_LEVEL = 0;
				GCC_PREPROCESSOR_DEFINITIONS = (
					"DEBUG=1",
					"$(inherited)",
				);
				GCC_SYMBOLS_PRIVATE_EXTERN = NO;
				GCC_WARN_64_TO_32_BIT_CONVERSION = YES;
				GCC_WARN_ABOUT_RETURN_TYPE = YES_ERROR;
				GCC_WARN_UNDECLARED_SELECTOR = YES;
				GCC_WARN_UNINITIALIZED_AUTOS = YES_AGGRESSIVE;
				GCC_WARN_UNUSED_FUNCTION = YES;
				GCC_WARN_UNUSED_VARIABLE = YES;
				IPHONEOS_DEPLOYMENT_TARGET = 7.1;
				ONLY_ACTIVE_ARCH = YES;
				SDKROOT = iphoneos;
			};
			name = Debug;
		};
		38FF6A4218ED5AB800109256 /* Release */ = {
			isa = XCBuildConfiguration;
			buildSettings = {
				ALWAYS_SEARCH_USER_PATHS = NO;
				CLANG_CXX_LANGUAGE_STANDARD = "gnu++0x";
				CLANG_CXX_LIBRARY = "libc++";
				CLANG_ENABLE_MODULES = YES;
				CLANG_ENABLE_OBJC_ARC = YES;
				CLANG_WARN_BOOL_CONVERSION = YES;
				CLANG_WARN_CONSTANT_CONVERSION = YES;
				CLANG_WARN_DIRECT_OBJC_ISA_USAGE = YES_ERROR;
				CLANG_WARN_EMPTY_BODY = YES;
				CLANG_WARN_ENUM_CONVERSION = YES;
				CLANG_WARN_INT_CONVERSION = YES;
				CLANG_WARN_OBJC_ROOT_CLASS = YES_ERROR;
				CLANG_WARN__DUPLICATE_METHOD_MATCH = YES;
				"CODE_SIGN_IDENTITY[sdk=iphoneos*]" = "iPhone Developer";
				COPY_PHASE_STRIP = YES;
				ENABLE_NS_ASSERTIONS = NO;
				GCC_C_LANGUAGE_STANDARD = gnu99;
				GCC_WARN_64_TO_32_BIT_CONVERSION = YES;
				GCC_WARN_ABOUT_RETURN_TYPE = YES_ERROR;
				GCC_WARN_UNDECLARED_SELECTOR = YES;
				GCC_WARN_UNINITIALIZED_AUTOS = YES_AGGRESSIVE;
				GCC_WARN_UNUSED_FUNCTION = YES;
				GCC_WARN_UNUSED_VARIABLE = YES;
				IPHONEOS_DEPLOYMENT_TARGET = 7.1;
				SDKROOT = iphoneos;
				VALIDATE_PRODUCT = YES;
			};
			name = Release;
		};
		38FF6A4418ED5AB800109256 /* Debug */ = {
			isa = XCBuildConfiguration;
			buildSettings = {
				ASSETCATALOG_COMPILER_APPICON_NAME = AppIcon;
				ASSETCATALOG_COMPILER_LAUNCHIMAGE_NAME = LaunchImage;
				GCC_PRECOMPILE_PREFIX_HEADER = YES;
				GCC_PREFIX_HEADER = "Don't Know/Don't Know-Prefix.pch";
				INFOPLIST_FILE = "Don't Know/Don't Know-Info.plist";
				PRODUCT_NAME = "$(TARGET_NAME)";
				SPRITEKIT_TEXTURE_ATLAS_OUTPUT = YES;
				WRAPPER_EXTENSION = app;
			};
			name = Debug;
		};
		38FF6A4518ED5AB800109256 /* Release */ = {
			isa = XCBuildConfiguration;
			buildSettings = {
				ASSETCATALOG_COMPILER_APPICON_NAME = AppIcon;
				ASSETCATALOG_COMPILER_LAUNCHIMAGE_NAME = LaunchImage;
				GCC_PRECOMPILE_PREFIX_HEADER = YES;
				GCC_PREFIX_HEADER = "Don't Know/Don't Know-Prefix.pch";
				INFOPLIST_FILE = "Don't Know/Don't Know-Info.plist";
				PRODUCT_NAME = "$(TARGET_NAME)";
				SPRITEKIT_TEXTURE_ATLAS_OUTPUT = YES;
				WRAPPER_EXTENSION = app;
			};
			name = Release;
		};
		38FF6A4718ED5AB800109256 /* Debug */ = {
			isa = XCBuildConfiguration;
			buildSettings = {
				BUNDLE_LOADER = "$(BUILT_PRODUCTS_DIR)/Don't Know.app/Don't Know";
				FRAMEWORK_SEARCH_PATHS = (
					"$(SDKROOT)/Developer/Library/Frameworks",
					"$(inherited)",
					"$(DEVELOPER_FRAMEWORKS_DIR)",
				);
				GCC_PRECOMPILE_PREFIX_HEADER = YES;
				GCC_PREFIX_HEADER = "Don't Know/Don't Know-Prefix.pch";
				GCC_PREPROCESSOR_DEFINITIONS = (
					"DEBUG=1",
					"$(inherited)",
				);
				INFOPLIST_FILE = "Don't KnowTests/Don't KnowTests-Info.plist";
				PRODUCT_NAME = "$(TARGET_NAME)";
				TEST_HOST = "$(BUNDLE_LOADER)";
				WRAPPER_EXTENSION = xctest;
			};
			name = Debug;
		};
		38FF6A4818ED5AB800109256 /* Release */ = {
			isa = XCBuildConfiguration;
			buildSettings = {
				BUNDLE_LOADER = "$(BUILT_PRODUCTS_DIR)/Don't Know.app/Don't Know";
				FRAMEWORK_SEARCH_PATHS = (
					"$(SDKROOT)/Developer/Library/Frameworks",
					"$(inherited)",
					"$(DEVELOPER_FRAMEWORKS_DIR)",
				);
				GCC_PRECOMPILE_PREFIX_HEADER = YES;
				GCC_PREFIX_HEADER = "Don't Know/Don't Know-Prefix.pch";
				INFOPLIST_FILE = "Don't KnowTests/Don't KnowTests-Info.plist";
				PRODUCT_NAME = "$(TARGET_NAME)";
				TEST_HOST = "$(BUNDLE_LOADER)";
				WRAPPER_EXTENSION = xctest;
			};
			name = Release;
		};
/* End XCBuildConfiguration section */

/* Begin XCConfigurationList section */
		38FF6A0518ED5AB800109256 /* Build configuration list for PBXProject "Don't Know" */ = {
			isa = XCConfigurationList;
			buildConfigurations = (
				38FF6A4118ED5AB800109256 /* Debug */,
				38FF6A4218ED5AB800109256 /* Release */,
			);
			defaultConfigurationIsVisible = 0;
			defaultConfigurationName = Release;
		};
		38FF6A4318ED5AB800109256 /* Build configuration list for PBXNativeTarget "Don't Know" */ = {
			isa = XCConfigurationList;
			buildConfigurations = (
				38FF6A4418ED5AB800109256 /* Debug */,
				38FF6A4518ED5AB800109256 /* Release */,
			);
			defaultConfigurationIsVisible = 0;
			defaultConfigurationName = Release;
		};
		38FF6A4618ED5AB800109256 /* Build configuration list for PBXNativeTarget "Don't KnowTests" */ = {
			isa = XCConfigurationList;
			buildConfigurations = (
				38FF6A4718ED5AB800109256 /* Debug */,
				38FF6A4818ED5AB800109256 /* Release */,
			);
			defaultConfigurationIsVisible = 0;
			defaultConfigurationName = Release;
		};
/* End XCConfigurationList section */
	};
	rootObject = 38FF6A0218ED5AB700109256 /* Project object */;
}
